
Microsoft Visual Studio Solution File, Format Version 12.00
# Visual Studio Version 17
VisualStudioVersion = 17.0.32126.317
MinimumVisualStudioVersion = 10.0.40219.1
Project("{FAE04EC0-301F-11D3-BF4B-00C04F79EFBC}") = "UDS上位机", "UDS上位机.csproj", "{F37F002D-E940-4D71-B37F-FC2FF2A8E64E}"
EndProject
Global
	GlobalSection(SolutionConfigurationPlatforms) = preSolution
		Debug|Any CPU = Debug|Any CPU
		Release|Any CPU = Release|Any CPU
	EndGlobalSection
	GlobalSection(ProjectConfigurationPlatforms) = postSolution
		{F37F002D-E940-4D71-B37F-FC2FF2A8E64E}.Debug|Any CPU.ActiveCfg = Debug|Any CPU
		{F37F002D-E940-4D71-B37F-FC2FF2A8E64E}.Debug|Any CPU.Build.0 = Debug|Any CPU
		{F37F002D-E940-4D71-B37F-FC2FF2A8E64E}.Release|Any CPU.ActiveCfg = Release|Any CPU
		{F37F002D-E940-4D71-B37F-FC2FF2A8E64E}.Release|Any CPU.Build.0 = Release|Any CPU
	EndGlobalSection
	GlobalSection(SolutionProperties) = preSolution
		HideSolutionNode = FALSE
	EndGlobalSection
	GlobalSection(ExtensibilityGlobals) = postSolution
		SolutionGuid = {B85D28BA-F920-4246-9FA8-0CF90C26F355}
	EndGlobalSection
EndGlobal
